
Microsoft Visual Studio Solution File, Format Version 12.00
# Visual Studio Version 16
VisualStudioVersion = 16.0.32002.261
MinimumVisualStudioVersion = 10.0.40219.1
Project("{9A19103F-16F7-4668-BE54-9A1E7A4F7556}") = "WillPower.IO.FileParser", "WillPower.IO.FileParser\WillPower.IO.FileParser.csproj", "{BEEE22E2-F0E8-4CC6-9B99-F48598244DB1}"
EndProject
Global
	GlobalSection(SolutionConfigurationPlatforms) = preSolution
		Debug|Any CPU = Debug|Any CPU
		Release|Any CPU = Release|Any CPU
	EndGlobalSection
	GlobalSection(ProjectConfigurationPlatforms) = postSolution
		{BEEE22E2-F0E8-4CC6-9B99-F48598244DB1}.Debug|Any CPU.ActiveCfg = Debug|Any CPU
		{BEEE22E2-F0E8-4CC6-9B99-F48598244DB1}.Debug|Any CPU.Build.0 = Debug|Any CPU
		{BEEE22E2-F0E8-4CC6-9B99-F48598244DB1}.Release|Any CPU.ActiveCfg = Release|Any CPU
		{BEEE22E2-F0E8-4CC6-9B99-F48598244DB1}.Release|Any CPU.Build.0 = Release|Any CPU
	EndGlobalSection
	GlobalSection(SolutionProperties) = preSolution
		HideSolutionNode = FALSE
	EndGlobalSection
	GlobalSection(ExtensibilityGlobals) = postSolution
		SolutionGuid = {E067A357-DAB9-42E9-8A7D-11FB06947248}
	EndGlobalSection
EndGlobal
