
Microsoft Visual Studio Solution File, Format Version 12.00
# Visual Studio Version 16
VisualStudioVersion = 16.0.30907.101
MinimumVisualStudioVersion = 10.0.40219.1
Project("{9A19103F-16F7-4668-BE54-9A1E7A4F7556}") = "WillPower.ExampleCode", "WillPower.ExampleCode\WillPower.ExampleCode.csproj", "{DA1C6F28-4404-48D0-B0DD-CD1FA2B3F750}"
EndProject
Global
	GlobalSection(SolutionConfigurationPlatforms) = preSolution
		Debug|Any CPU = Debug|Any CPU
		Release|Any CPU = Release|Any CPU
	EndGlobalSection
	GlobalSection(ProjectConfigurationPlatforms) = postSolution
		{DA1C6F28-4404-48D0-B0DD-CD1FA2B3F750}.Debug|Any CPU.ActiveCfg = Debug|Any CPU
		{DA1C6F28-4404-48D0-B0DD-CD1FA2B3F750}.Debug|Any CPU.Build.0 = Debug|Any CPU
		{DA1C6F28-4404-48D0-B0DD-CD1FA2B3F750}.Release|Any CPU.ActiveCfg = Release|Any CPU
		{DA1C6F28-4404-48D0-B0DD-CD1FA2B3F750}.Release|Any CPU.Build.0 = Release|Any CPU
	EndGlobalSection
	GlobalSection(SolutionProperties) = preSolution
		HideSolutionNode = FALSE
	EndGlobalSection
	GlobalSection(ExtensibilityGlobals) = postSolution
		SolutionGuid = {1BFDB754-7FB2-49ED-A825-2D244F863E14}
	EndGlobalSection
EndGlobal
