
Microsoft Visual Studio Solution File, Format Version 12.00
# Visual Studio Version 16
VisualStudioVersion = 16.0.30413.136
MinimumVisualStudioVersion = 10.0.40219.1
Project("{2150E333-8FDC-42A3-9474-1A3956D46DE8}") = "Common", "Common", "{177F19DC-FD9D-4B0E-AD37-6C6351DE4689}"
EndProject
Project("{2150E333-8FDC-42A3-9474-1A3956D46DE8}") = "IO", "IO", "{67BE8DDC-B9E4-4234-A474-519354E95C98}"
EndProject
Project("{9A19103F-16F7-4668-BE54-9A1E7A4F7556}") = "WillPower.Common.Core", "WillPower.Common\WillPower.Common.Core.csproj", "{559037E6-9322-4DC7-8505-EEFACAF229B5}"
EndProject
Project("{9A19103F-16F7-4668-BE54-9A1E7A4F7556}") = "WillPower.IO.FileParser.Core", "WillPower.IO.FileParser\WillPower.IO.FileParser.Core.csproj", "{F8669F1B-61DC-4FC6-B752-CD0E7D900427}"
EndProject
Project("{FAE04EC0-301F-11D3-BF4B-00C04F79EFBC}") = "WillPower.IO.FileParser.Framework", "WillPower.IO.FileParser.Framework\WillPower.IO.FileParser.Framework.csproj", "{AC278EA0-3813-4793-AC84-4C05A68DE89A}"
EndProject
Project("{FAE04EC0-301F-11D3-BF4B-00C04F79EFBC}") = "WillPower.Common.Framework", "WillPower.Common.Framework\WillPower.Common.Framework.csproj", "{BCCCD32A-4882-45EA-B438-DBC192984FE5}"
EndProject
Global
	GlobalSection(SolutionConfigurationPlatforms) = preSolution
		Debug|Any CPU = Debug|Any CPU
		Release|Any CPU = Release|Any CPU
	EndGlobalSection
	GlobalSection(ProjectConfigurationPlatforms) = postSolution
		{559037E6-9322-4DC7-8505-EEFACAF229B5}.Debug|Any CPU.ActiveCfg = Debug|Any CPU
		{559037E6-9322-4DC7-8505-EEFACAF229B5}.Debug|Any CPU.Build.0 = Debug|Any CPU
		{559037E6-9322-4DC7-8505-EEFACAF229B5}.Release|Any CPU.ActiveCfg = Release|Any CPU
		{559037E6-9322-4DC7-8505-EEFACAF229B5}.Release|Any CPU.Build.0 = Release|Any CPU
		{F8669F1B-61DC-4FC6-B752-CD0E7D900427}.Debug|Any CPU.ActiveCfg = Debug|Any CPU
		{F8669F1B-61DC-4FC6-B752-CD0E7D900427}.Debug|Any CPU.Build.0 = Debug|Any CPU
		{F8669F1B-61DC-4FC6-B752-CD0E7D900427}.Release|Any CPU.ActiveCfg = Release|Any CPU
		{F8669F1B-61DC-4FC6-B752-CD0E7D900427}.Release|Any CPU.Build.0 = Release|Any CPU
		{AC278EA0-3813-4793-AC84-4C05A68DE89A}.Debug|Any CPU.ActiveCfg = Debug|Any CPU
		{AC278EA0-3813-4793-AC84-4C05A68DE89A}.Debug|Any CPU.Build.0 = Debug|Any CPU
		{AC278EA0-3813-4793-AC84-4C05A68DE89A}.Release|Any CPU.ActiveCfg = Release|Any CPU
		{AC278EA0-3813-4793-AC84-4C05A68DE89A}.Release|Any CPU.Build.0 = Release|Any CPU
		{BCCCD32A-4882-45EA-B438-DBC192984FE5}.Debug|Any CPU.ActiveCfg = Debug|Any CPU
		{BCCCD32A-4882-45EA-B438-DBC192984FE5}.Debug|Any CPU.Build.0 = Debug|Any CPU
		{BCCCD32A-4882-45EA-B438-DBC192984FE5}.Release|Any CPU.ActiveCfg = Release|Any CPU
		{BCCCD32A-4882-45EA-B438-DBC192984FE5}.Release|Any CPU.Build.0 = Release|Any CPU
	EndGlobalSection
	GlobalSection(SolutionProperties) = preSolution
		HideSolutionNode = FALSE
	EndGlobalSection
	GlobalSection(NestedProjects) = preSolution
		{559037E6-9322-4DC7-8505-EEFACAF229B5} = {177F19DC-FD9D-4B0E-AD37-6C6351DE4689}
		{F8669F1B-61DC-4FC6-B752-CD0E7D900427} = {67BE8DDC-B9E4-4234-A474-519354E95C98}
		{AC278EA0-3813-4793-AC84-4C05A68DE89A} = {67BE8DDC-B9E4-4234-A474-519354E95C98}
		{BCCCD32A-4882-45EA-B438-DBC192984FE5} = {177F19DC-FD9D-4B0E-AD37-6C6351DE4689}
	EndGlobalSection
	GlobalSection(ExtensibilityGlobals) = postSolution
		SolutionGuid = {39F6A6DD-0007-4278-B1C6-393813575CC7}
	EndGlobalSection
EndGlobal
